
Microsoft Visual Studio Solution File, Format Version 12.00
# Visual Studio 15
VisualStudioVersion = 15.0.28010.2046
MinimumVisualStudioVersion = 10.0.40219.1
Project("{8BC9CEB8-8B4A-11D0-8D11-00A0C91BC942}") = "Fibonacci", "Fibonacci\Fibonacci.vcxproj", "{CEE5C802-A4A8-4D4C-8A5E-E838E577D012}"
EndProject
Project("{FAE04EC0-301F-11D3-BF4B-00C04F79EFBC}") = "CSharpFib", "CSharpFib\CSharpFib.csproj", "{0F8FE564-4ADC-45B2-A161-02CEF7C8711A}"
EndProject
Global
	GlobalSection(SolutionConfigurationPlatforms) = preSolution
		Debug|Any CPU = Debug|Any CPU
		Debug|x64 = Debug|x64
		Debug|x86 = Debug|x86
		Release|Any CPU = Release|Any CPU
		Release|x64 = Release|x64
		Release|x86 = Release|x86
	EndGlobalSection
	GlobalSection(ProjectConfigurationPlatforms) = postSolution
		{CEE5C802-A4A8-4D4C-8A5E-E838E577D012}.Debug|Any CPU.ActiveCfg = Debug|Win32
		{CEE5C802-A4A8-4D4C-8A5E-E838E577D012}.Debug|x64.ActiveCfg = Debug|x64
		{CEE5C802-A4A8-4D4C-8A5E-E838E577D012}.Debug|x64.Build.0 = Debug|x64
		{CEE5C802-A4A8-4D4C-8A5E-E838E577D012}.Debug|x86.ActiveCfg = Debug|Win32
		{CEE5C802-A4A8-4D4C-8A5E-E838E577D012}.Debug|x86.Build.0 = Debug|Win32
		{CEE5C802-A4A8-4D4C-8A5E-E838E577D012}.Release|Any CPU.ActiveCfg = Release|Win32
		{CEE5C802-A4A8-4D4C-8A5E-E838E577D012}.Release|x64.ActiveCfg = Release|x64
		{CEE5C802-A4A8-4D4C-8A5E-E838E577D012}.Release|x64.Build.0 = Release|x64
		{CEE5C802-A4A8-4D4C-8A5E-E838E577D012}.Release|x86.ActiveCfg = Release|Win32
		{CEE5C802-A4A8-4D4C-8A5E-E838E577D012}.Release|x86.Build.0 = Release|Win32
		{0F8FE564-4ADC-45B2-A161-02CEF7C8711A}.Debug|Any CPU.ActiveCfg = Debug|Any CPU
		{0F8FE564-4ADC-45B2-A161-02CEF7C8711A}.Debug|Any CPU.Build.0 = Debug|Any CPU
		{0F8FE564-4ADC-45B2-A161-02CEF7C8711A}.Debug|x64.ActiveCfg = Debug|Any CPU
		{0F8FE564-4ADC-45B2-A161-02CEF7C8711A}.Debug|x64.Build.0 = Debug|Any CPU
		{0F8FE564-4ADC-45B2-A161-02CEF7C8711A}.Debug|x86.ActiveCfg = Debug|Any CPU
		{0F8FE564-4ADC-45B2-A161-02CEF7C8711A}.Debug|x86.Build.0 = Debug|Any CPU
		{0F8FE564-4ADC-45B2-A161-02CEF7C8711A}.Release|Any CPU.ActiveCfg = Release|Any CPU
		{0F8FE564-4ADC-45B2-A161-02CEF7C8711A}.Release|Any CPU.Build.0 = Release|Any CPU
		{0F8FE564-4ADC-45B2-A161-02CEF7C8711A}.Release|x64.ActiveCfg = Release|Any CPU
		{0F8FE564-4ADC-45B2-A161-02CEF7C8711A}.Release|x64.Build.0 = Release|Any CPU
		{0F8FE564-4ADC-45B2-A161-02CEF7C8711A}.Release|x86.ActiveCfg = Release|Any CPU
		{0F8FE564-4ADC-45B2-A161-02CEF7C8711A}.Release|x86.Build.0 = Release|Any CPU
	EndGlobalSection
	GlobalSection(SolutionProperties) = preSolution
		HideSolutionNode = FALSE
	EndGlobalSection
	GlobalSection(ExtensibilityGlobals) = postSolution
		SolutionGuid = {53A612A6-7414-4796-A770-DCAE46DC961A}
	EndGlobalSection
EndGlobal
